
Microsoft Visual Studio Solution File, Format Version 12.00
# Visual Studio 2013
VisualStudioVersion = 12.0.40629.0
MinimumVisualStudioVersion = 10.0.40219.1
Project("{FAE04EC0-301F-11D3-BF4B-00C04F79EFBC}") = "FF.DataAccessLayer", "FF.DataAccessLayer\FF.DataAccessLayer.csproj", "{7F30695C-CD8C-45E3-BC50-A290712B3B92}"
EndProject
Project("{FAE04EC0-301F-11D3-BF4B-00C04F79EFBC}") = "FF.BusinessLogicLayer", "FF.BusinessLogicLayer\FF.BusinessLogicLayer.csproj", "{39823912-711C-4052-91F2-C2C06B150DFA}"
EndProject
Project("{FAE04EC0-301F-11D3-BF4B-00C04F79EFBC}") = "FF.BusinessObjects", "FF.BusinessObjects\FF.BusinessObjects.csproj", "{2D8AB82F-4AF2-49E7-8B34-41496020C590}"
EndProject
Project("{FAE04EC0-301F-11D3-BF4B-00C04F79EFBC}") = "FF.Interfaces", "FF.Interfaces\FF.Interfaces.csproj", "{C4447AA5-C0E1-4DDB-A32E-CA31826A034E}"
EndProject
Project("{FAE04EC0-301F-11D3-BF4B-00C04F79EFBC}") = "FF.BaseHost", "FF.BaseHost\FF.BaseHost.csproj", "{2A1BDBEB-4EC3-4418-BA26-D175501C05E7}"
EndProject
Project("{FAE04EC0-301F-11D3-BF4B-00C04F79EFBC}") = "FF.Service.General", "FF.Service.General\FF.Service.General.csproj", "{4D822B07-2385-4F06-B969-5A5E03F93FA3}"
EndProject
Project("{FAE04EC0-301F-11D3-BF4B-00C04F79EFBC}") = "FF.Service.Inventory", "FF.Service.Inventory\FF.Service.Inventory.csproj", "{021BDF70-9F35-43AB-A65E-2348933B1480}"
EndProject
Project("{FAE04EC0-301F-11D3-BF4B-00C04F79EFBC}") = "FF.Service.CommonSearch", "FF.Service.CommonSearch\FF.Service.CommonSearch.csproj", "{791CBDB3-9FF2-42C9-A0BD-7C032F69D876}"
EndProject
Project("{FAE04EC0-301F-11D3-BF4B-00C04F79EFBC}") = "FF.Service.Sales", "FF.Service.Sales\FF.Service.Sales.csproj", "{ADD715C1-C708-47A4-936B-563458EDD17F}"
EndProject
Project("{FAE04EC0-301F-11D3-BF4B-00C04F79EFBC}") = "FF.Service.Financial", "FF.Service.Financial\FF.Service.Financial.csproj", "{FF7500F0-7406-4EDF-8A4E-A378FBCB8360}"
EndProject
Project("{FAE04EC0-301F-11D3-BF4B-00C04F79EFBC}") = "FF.Service.Security", "FF.Service.Security\FF.Service.Security\FF.Service.Security.csproj", "{92C691F6-2BF2-4398-BCE9-1AB4167DE7B2}"
EndProject
Project("{FAE04EC0-301F-11D3-BF4B-00C04F79EFBC}") = "FF.Service.CustService", "FF.Service.CustService\FF.Service.CustService.csproj", "{FFA5C8F8-A1C1-4DA9-9438-8490338A40F1}"
EndProject
Project("{FAE04EC0-301F-11D3-BF4B-00C04F79EFBC}") = "FF.Service.MsgPortal", "FF.Service.MsgPortal\FF.Service.MsgPortal.csproj", "{7A7A9E4F-6F04-4697-9F41-E908D9DDDC4F}"
EndProject
Project("{2150E333-8FDC-42A3-9474-1A3956D46DE8}") = "ServiceProjects", "ServiceProjects", "{90F49948-3CFD-4891-94D6-078DF09AE86F}"
EndProject
Project("{FAE04EC0-301F-11D3-BF4B-00C04F79EFBC}") = "FF.Service.Tours", "FF.Service.Tours\FF.Service.Tours.csproj", "{795BBFA1-2F6C-4831-8633-CAD2613CC352}"
EndProject
Project("{2150E333-8FDC-42A3-9474-1A3956D46DE8}") = ".nuget", ".nuget", "{33610D13-1191-4005-BD4F-FA1075FB9782}"
	ProjectSection(SolutionItems) = preProject
		.nuget\NuGet.Config = .nuget\NuGet.Config
		.nuget\NuGet.exe = .nuget\NuGet.exe
		.nuget\NuGet.targets = .nuget\NuGet.targets
	EndProjectSection
EndProject
Project("{FAE04EC0-301F-11D3-BF4B-00C04F79EFBC}") = "FF.Service.Dashboard", "FF.Service.Dashboard\FF.Service.Dashboard.csproj", "{9DE754B6-4BBA-4BF3-A6A3-433DABAD1F62}"
EndProject
Global
	GlobalSection(TeamFoundationVersionControl) = preSolution
		SccNumberOfProjects = 16
		SccEnterpriseProvider = {4CA58AB2-18FA-4F8D-95D4-32DDF27D184C}
		SccTeamFoundationServer = http://192.168.1.200:8080/tfs/defaultcollection
		SccLocalPath0 = .
		SccProjectUniqueName1 = FF.BaseHost\\FF.BaseHost.csproj
		SccProjectName1 = FF.BaseHost
		SccLocalPath1 = FF.BaseHost
		SccProjectUniqueName2 = FF.BusinessLogicLayer\\FF.BusinessLogicLayer.csproj
		SccProjectName2 = FF.BusinessLogicLayer
		SccLocalPath2 = FF.BusinessLogicLayer
		SccProjectUniqueName3 = FF.BusinessObjects\\FF.BusinessObjects.csproj
		SccProjectName3 = FF.BusinessObjects
		SccLocalPath3 = FF.BusinessObjects
		SccProjectUniqueName4 = FF.DataAccessLayer\\FF.DataAccessLayer.csproj
		SccProjectName4 = FF.DataAccessLayer
		SccLocalPath4 = FF.DataAccessLayer
		SccProjectUniqueName5 = FF.Interfaces\\FF.Interfaces.csproj
		SccProjectName5 = FF.Interfaces
		SccLocalPath5 = FF.Interfaces
		SccProjectUniqueName6 = FF.Service.CommonSearch\\FF.Service.CommonSearch.csproj
		SccProjectTopLevelParentUniqueName6 = FastForward.Services.sln
		SccProjectName6 = FF.Service.CommonSearch
		SccLocalPath6 = FF.Service.CommonSearch
		SccProjectUniqueName7 = FF.Service.CustService\\FF.Service.CustService.csproj
		SccProjectTopLevelParentUniqueName7 = FastForward.Services.sln
		SccProjectName7 = FF.Service.CustService
		SccLocalPath7 = FF.Service.CustService
		SccProjectUniqueName8 = FF.Service.Financial\\FF.Service.Financial.csproj
		SccProjectTopLevelParentUniqueName8 = FastForward.Services.sln
		SccProjectName8 = FF.Service.Financial
		SccLocalPath8 = FF.Service.Financial
		SccProjectUniqueName9 = FF.Service.General\\FF.Service.General.csproj
		SccProjectTopLevelParentUniqueName9 = FastForward.Services.sln
		SccProjectName9 = FF.Service.General
		SccLocalPath9 = FF.Service.General
		SccProjectUniqueName10 = FF.Service.Inventory\\FF.Service.Inventory.csproj
		SccProjectTopLevelParentUniqueName10 = FastForward.Services.sln
		SccProjectName10 = FF.Service.Inventory
		SccLocalPath10 = FF.Service.Inventory
		SccProjectUniqueName11 = FF.Service.MsgPortal\\FF.Service.MsgPortal.csproj
		SccProjectTopLevelParentUniqueName11 = FastForward.Services.sln
		SccProjectName11 = FF.Service.MsgPortal
		SccLocalPath11 = FF.Service.MsgPortal
		SccProjectUniqueName12 = FF.Service.Sales\\FF.Service.Sales.csproj
		SccProjectTopLevelParentUniqueName12 = FastForward.Services.sln
		SccProjectName12 = FF.Service.Sales
		SccLocalPath12 = FF.Service.Sales
		SccProjectUniqueName13 = FF.Service.Security\\FF.Service.Security\\FF.Service.Security.csproj
		SccProjectTopLevelParentUniqueName13 = FastForward.Services.sln
		SccProjectName13 = FF.Service.Security/FF.Service.Security
		SccLocalPath13 = FF.Service.Security\\FF.Service.Security
		SccProjectUniqueName14 = FF.Service.Tours\\FF.Service.Tours.csproj
		SccProjectTopLevelParentUniqueName14 = FastForward.Services.sln
		SccProjectName14 = FF.Service.Tours
		SccLocalPath14 = FF.Service.Tours
		SccProjectUniqueName15 = FF.Service.Dashboard\\FF.Service.Dashboard.csproj
		SccProjectTopLevelParentUniqueName15 = FastForward.Services.sln
		SccProjectName15 = FF.Service.Dashboard
		SccLocalPath15 = FF.Service.Dashboard
	EndGlobalSection
	GlobalSection(SolutionConfigurationPlatforms) = preSolution
		Debug|Any CPU = Debug|Any CPU
		Debug|Mixed Platforms = Debug|Mixed Platforms
		Debug|x64 = Debug|x64
		Debug|x86 = Debug|x86
		Release|Any CPU = Release|Any CPU
		Release|Mixed Platforms = Release|Mixed Platforms
		Release|x64 = Release|x64
		Release|x86 = Release|x86
	EndGlobalSection
	GlobalSection(ProjectConfigurationPlatforms) = postSolution
		{7F30695C-CD8C-45E3-BC50-A290712B3B92}.Debug|Any CPU.ActiveCfg = Debug|Any CPU
		{7F30695C-CD8C-45E3-BC50-A290712B3B92}.Debug|Any CPU.Build.0 = Debug|Any CPU
		{7F30695C-CD8C-45E3-BC50-A290712B3B92}.Debug|Mixed Platforms.ActiveCfg = Debug|Any CPU
		{7F30695C-CD8C-45E3-BC50-A290712B3B92}.Debug|Mixed Platforms.Build.0 = Debug|Any CPU
		{7F30695C-CD8C-45E3-BC50-A290712B3B92}.Debug|x64.ActiveCfg = Debug|x64
		{7F30695C-CD8C-45E3-BC50-A290712B3B92}.Debug|x64.Build.0 = Debug|x64
		{7F30695C-CD8C-45E3-BC50-A290712B3B92}.Debug|x86.ActiveCfg = Debug|Any CPU
		{7F30695C-CD8C-45E3-BC50-A290712B3B92}.Debug|x86.Build.0 = Debug|Any CPU
		{7F30695C-CD8C-45E3-BC50-A290712B3B92}.Release|Any CPU.ActiveCfg = Release|Any CPU
		{7F30695C-CD8C-45E3-BC50-A290712B3B92}.Release|Any CPU.Build.0 = Release|Any CPU
		{7F30695C-CD8C-45E3-BC50-A290712B3B92}.Release|Mixed Platforms.ActiveCfg = Release|Any CPU
		{7F30695C-CD8C-45E3-BC50-A290712B3B92}.Release|Mixed Platforms.Build.0 = Release|Any CPU
		{7F30695C-CD8C-45E3-BC50-A290712B3B92}.Release|x64.ActiveCfg = Release|x64
		{7F30695C-CD8C-45E3-BC50-A290712B3B92}.Release|x64.Build.0 = Release|x64
		{7F30695C-CD8C-45E3-BC50-A290712B3B92}.Release|x86.ActiveCfg = Release|Any CPU
		{39823912-711C-4052-91F2-C2C06B150DFA}.Debug|Any CPU.ActiveCfg = Debug|Any CPU
		{39823912-711C-4052-91F2-C2C06B150DFA}.Debug|Any CPU.Build.0 = Debug|Any CPU
		{39823912-711C-4052-91F2-C2C06B150DFA}.Debug|Mixed Platforms.ActiveCfg = Debug|Any CPU
		{39823912-711C-4052-91F2-C2C06B150DFA}.Debug|Mixed Platforms.Build.0 = Debug|Any CPU
		{39823912-711C-4052-91F2-C2C06B150DFA}.Debug|x64.ActiveCfg = Debug|x64
		{39823912-711C-4052-91F2-C2C06B150DFA}.Debug|x64.Build.0 = Debug|x64
		{39823912-711C-4052-91F2-C2C06B150DFA}.Debug|x86.ActiveCfg = Debug|Any CPU
		{39823912-711C-4052-91F2-C2C06B150DFA}.Debug|x86.Build.0 = Debug|Any CPU
		{39823912-711C-4052-91F2-C2C06B150DFA}.Release|Any CPU.ActiveCfg = Release|Any CPU
		{39823912-711C-4052-91F2-C2C06B150DFA}.Release|Any CPU.Build.0 = Release|Any CPU
		{39823912-711C-4052-91F2-C2C06B150DFA}.Release|Mixed Platforms.ActiveCfg = Release|Any CPU
		{39823912-711C-4052-91F2-C2C06B150DFA}.Release|Mixed Platforms.Build.0 = Release|Any CPU
		{39823912-711C-4052-91F2-C2C06B150DFA}.Release|x64.ActiveCfg = Release|x64
		{39823912-711C-4052-91F2-C2C06B150DFA}.Release|x64.Build.0 = Release|x64
		{39823912-711C-4052-91F2-C2C06B150DFA}.Release|x86.ActiveCfg = Release|Any CPU
		{2D8AB82F-4AF2-49E7-8B34-41496020C590}.Debug|Any CPU.ActiveCfg = Debug|Any CPU
		{2D8AB82F-4AF2-49E7-8B34-41496020C590}.Debug|Any CPU.Build.0 = Debug|Any CPU
		{2D8AB82F-4AF2-49E7-8B34-41496020C590}.Debug|Mixed Platforms.ActiveCfg = Debug|Any CPU
		{2D8AB82F-4AF2-49E7-8B34-41496020C590}.Debug|Mixed Platforms.Build.0 = Debug|Any CPU
		{2D8AB82F-4AF2-49E7-8B34-41496020C590}.Debug|x64.ActiveCfg = Debug|x64
		{2D8AB82F-4AF2-49E7-8B34-41496020C590}.Debug|x64.Build.0 = Debug|x64
		{2D8AB82F-4AF2-49E7-8B34-41496020C590}.Debug|x86.ActiveCfg = Debug|Any CPU
		{2D8AB82F-4AF2-49E7-8B34-41496020C590}.Debug|x86.Build.0 = Debug|Any CPU
		{2D8AB82F-4AF2-49E7-8B34-41496020C590}.Release|Any CPU.ActiveCfg = Release|Any CPU
		{2D8AB82F-4AF2-49E7-8B34-41496020C590}.Release|Any CPU.Build.0 = Release|Any CPU
		{2D8AB82F-4AF2-49E7-8B34-41496020C590}.Release|Mixed Platforms.ActiveCfg = Release|Any CPU
		{2D8AB82F-4AF2-49E7-8B34-41496020C590}.Release|Mixed Platforms.Build.0 = Release|Any CPU
		{2D8AB82F-4AF2-49E7-8B34-41496020C590}.Release|x64.ActiveCfg = Release|x64
		{2D8AB82F-4AF2-49E7-8B34-41496020C590}.Release|x64.Build.0 = Release|x64
		{2D8AB82F-4AF2-49E7-8B34-41496020C590}.Release|x86.ActiveCfg = Release|Any CPU
		{C4447AA5-C0E1-4DDB-A32E-CA31826A034E}.Debug|Any CPU.ActiveCfg = Debug|Any CPU
		{C4447AA5-C0E1-4DDB-A32E-CA31826A034E}.Debug|Any CPU.Build.0 = Debug|Any CPU
		{C4447AA5-C0E1-4DDB-A32E-CA31826A034E}.Debug|Mixed Platforms.ActiveCfg = Debug|Any CPU
		{C4447AA5-C0E1-4DDB-A32E-CA31826A034E}.Debug|Mixed Platforms.Build.0 = Debug|Any CPU
		{C4447AA5-C0E1-4DDB-A32E-CA31826A034E}.Debug|x64.ActiveCfg = Debug|x64
		{C4447AA5-C0E1-4DDB-A32E-CA31826A034E}.Debug|x64.Build.0 = Debug|x64
		{C4447AA5-C0E1-4DDB-A32E-CA31826A034E}.Debug|x86.ActiveCfg = Debug|Any CPU
		{C4447AA5-C0E1-4DDB-A32E-CA31826A034E}.Debug|x86.Build.0 = Debug|Any CPU
		{C4447AA5-C0E1-4DDB-A32E-CA31826A034E}.Release|Any CPU.ActiveCfg = Release|Any CPU
		{C4447AA5-C0E1-4DDB-A32E-CA31826A034E}.Release|Any CPU.Build.0 = Release|Any CPU
		{C4447AA5-C0E1-4DDB-A32E-CA31826A034E}.Release|Mixed Platforms.ActiveCfg = Release|Any CPU
		{C4447AA5-C0E1-4DDB-A32E-CA31826A034E}.Release|Mixed Platforms.Build.0 = Release|Any CPU
		{C4447AA5-C0E1-4DDB-A32E-CA31826A034E}.Release|x64.ActiveCfg = Release|x64
		{C4447AA5-C0E1-4DDB-A32E-CA31826A034E}.Release|x64.Build.0 = Release|x64
		{C4447AA5-C0E1-4DDB-A32E-CA31826A034E}.Release|x86.ActiveCfg = Release|Any CPU
		{2A1BDBEB-4EC3-4418-BA26-D175501C05E7}.Debug|Any CPU.ActiveCfg = Debug|x86
		{2A1BDBEB-4EC3-4418-BA26-D175501C05E7}.Debug|Any CPU.Build.0 = Debug|x86
		{2A1BDBEB-4EC3-4418-BA26-D175501C05E7}.Debug|Mixed Platforms.ActiveCfg = Debug|x86
		{2A1BDBEB-4EC3-4418-BA26-D175501C05E7}.Debug|Mixed Platforms.Build.0 = Debug|x86
		{2A1BDBEB-4EC3-4418-BA26-D175501C05E7}.Debug|x64.ActiveCfg = Debug|x64
		{2A1BDBEB-4EC3-4418-BA26-D175501C05E7}.Debug|x64.Build.0 = Debug|x64
		{2A1BDBEB-4EC3-4418-BA26-D175501C05E7}.Debug|x86.ActiveCfg = Debug|x86
		{2A1BDBEB-4EC3-4418-BA26-D175501C05E7}.Debug|x86.Build.0 = Debug|x86
		{2A1BDBEB-4EC3-4418-BA26-D175501C05E7}.Release|Any CPU.ActiveCfg = Release|x86
		{2A1BDBEB-4EC3-4418-BA26-D175501C05E7}.Release|Any CPU.Build.0 = Release|x86
		{2A1BDBEB-4EC3-4418-BA26-D175501C05E7}.Release|Mixed Platforms.ActiveCfg = Release|x86
		{2A1BDBEB-4EC3-4418-BA26-D175501C05E7}.Release|Mixed Platforms.Build.0 = Release|x86
		{2A1BDBEB-4EC3-4418-BA26-D175501C05E7}.Release|x64.ActiveCfg = Release|x64
		{2A1BDBEB-4EC3-4418-BA26-D175501C05E7}.Release|x64.Build.0 = Release|x64
		{2A1BDBEB-4EC3-4418-BA26-D175501C05E7}.Release|x86.ActiveCfg = Release|x86
		{2A1BDBEB-4EC3-4418-BA26-D175501C05E7}.Release|x86.Build.0 = Release|x86
		{4D822B07-2385-4F06-B969-5A5E03F93FA3}.Debug|Any CPU.ActiveCfg = Debug|x86
		{4D822B07-2385-4F06-B969-5A5E03F93FA3}.Debug|Any CPU.Build.0 = Debug|x86
		{4D822B07-2385-4F06-B969-5A5E03F93FA3}.Debug|Mixed Platforms.ActiveCfg = Debug|x86
		{4D822B07-2385-4F06-B969-5A5E03F93FA3}.Debug|Mixed Platforms.Build.0 = Debug|x86
		{4D822B07-2385-4F06-B969-5A5E03F93FA3}.Debug|x64.ActiveCfg = Debug|x64
		{4D822B07-2385-4F06-B969-5A5E03F93FA3}.Debug|x64.Build.0 = Debug|x64
		{4D822B07-2385-4F06-B969-5A5E03F93FA3}.Debug|x86.ActiveCfg = Debug|x86
		{4D822B07-2385-4F06-B969-5A5E03F93FA3}.Debug|x86.Build.0 = Debug|x86
		{4D822B07-2385-4F06-B969-5A5E03F93FA3}.Release|Any CPU.ActiveCfg = Release|x86
		{4D822B07-2385-4F06-B969-5A5E03F93FA3}.Release|Any CPU.Build.0 = Release|x86
		{4D822B07-2385-4F06-B969-5A5E03F93FA3}.Release|Mixed Platforms.ActiveCfg = Release|x86
		{4D822B07-2385-4F06-B969-5A5E03F93FA3}.Release|Mixed Platforms.Build.0 = Release|x86
		{4D822B07-2385-4F06-B969-5A5E03F93FA3}.Release|x64.ActiveCfg = Release|x64
		{4D822B07-2385-4F06-B969-5A5E03F93FA3}.Release|x64.Build.0 = Release|x64
		{4D822B07-2385-4F06-B969-5A5E03F93FA3}.Release|x86.ActiveCfg = Release|x86
		{4D822B07-2385-4F06-B969-5A5E03F93FA3}.Release|x86.Build.0 = Release|x86
		{021BDF70-9F35-43AB-A65E-2348933B1480}.Debug|Any CPU.ActiveCfg = Debug|x86
		{021BDF70-9F35-43AB-A65E-2348933B1480}.Debug|Any CPU.Build.0 = Debug|x86
		{021BDF70-9F35-43AB-A65E-2348933B1480}.Debug|Mixed Platforms.ActiveCfg = Debug|x86
		{021BDF70-9F35-43AB-A65E-2348933B1480}.Debug|Mixed Platforms.Build.0 = Debug|x86
		{021BDF70-9F35-43AB-A65E-2348933B1480}.Debug|x64.ActiveCfg = Debug|x64
		{021BDF70-9F35-43AB-A65E-2348933B1480}.Debug|x64.Build.0 = Debug|x64
		{021BDF70-9F35-43AB-A65E-2348933B1480}.Debug|x86.ActiveCfg = Debug|x86
		{021BDF70-9F35-43AB-A65E-2348933B1480}.Debug|x86.Build.0 = Debug|x86
		{021BDF70-9F35-43AB-A65E-2348933B1480}.Release|Any CPU.ActiveCfg = Release|x86
		{021BDF70-9F35-43AB-A65E-2348933B1480}.Release|Any CPU.Build.0 = Release|x86
		{021BDF70-9F35-43AB-A65E-2348933B1480}.Release|Mixed Platforms.ActiveCfg = Release|x86
		{021BDF70-9F35-43AB-A65E-2348933B1480}.Release|Mixed Platforms.Build.0 = Release|x86
		{021BDF70-9F35-43AB-A65E-2348933B1480}.Release|x64.ActiveCfg = Release|x64
		{021BDF70-9F35-43AB-A65E-2348933B1480}.Release|x64.Build.0 = Release|x64
		{021BDF70-9F35-43AB-A65E-2348933B1480}.Release|x86.ActiveCfg = Release|x86
		{021BDF70-9F35-43AB-A65E-2348933B1480}.Release|x86.Build.0 = Release|x86
		{791CBDB3-9FF2-42C9-A0BD-7C032F69D876}.Debug|Any CPU.ActiveCfg = Debug|x86
		{791CBDB3-9FF2-42C9-A0BD-7C032F69D876}.Debug|Any CPU.Build.0 = Debug|x86
		{791CBDB3-9FF2-42C9-A0BD-7C032F69D876}.Debug|Mixed Platforms.ActiveCfg = Debug|x86
		{791CBDB3-9FF2-42C9-A0BD-7C032F69D876}.Debug|Mixed Platforms.Build.0 = Debug|x86
		{791CBDB3-9FF2-42C9-A0BD-7C032F69D876}.Debug|x64.ActiveCfg = Debug|x64
		{791CBDB3-9FF2-42C9-A0BD-7C032F69D876}.Debug|x64.Build.0 = Debug|x64
		{791CBDB3-9FF2-42C9-A0BD-7C032F69D876}.Debug|x86.ActiveCfg = Debug|x86
		{791CBDB3-9FF2-42C9-A0BD-7C032F69D876}.Debug|x86.Build.0 = Debug|x86
		{791CBDB3-9FF2-42C9-A0BD-7C032F69D876}.Release|Any CPU.ActiveCfg = Release|x86
		{791CBDB3-9FF2-42C9-A0BD-7C032F69D876}.Release|Any CPU.Build.0 = Release|x86
		{791CBDB3-9FF2-42C9-A0BD-7C032F69D876}.Release|Mixed Platforms.ActiveCfg = Release|x86
		{791CBDB3-9FF2-42C9-A0BD-7C032F69D876}.Release|Mixed Platforms.Build.0 = Release|x86
		{791CBDB3-9FF2-42C9-A0BD-7C032F69D876}.Release|x64.ActiveCfg = Release|x64
		{791CBDB3-9FF2-42C9-A0BD-7C032F69D876}.Release|x64.Build.0 = Release|x64
		{791CBDB3-9FF2-42C9-A0BD-7C032F69D876}.Release|x86.ActiveCfg = Release|x86
		{791CBDB3-9FF2-42C9-A0BD-7C032F69D876}.Release|x86.Build.0 = Release|x86
		{ADD715C1-C708-47A4-936B-563458EDD17F}.Debug|Any CPU.ActiveCfg = Debug|x86
		{ADD715C1-C708-47A4-936B-563458EDD17F}.Debug|Any CPU.Build.0 = Debug|x86
		{ADD715C1-C708-47A4-936B-563458EDD17F}.Debug|Mixed Platforms.ActiveCfg = Debug|x86
		{ADD715C1-C708-47A4-936B-563458EDD17F}.Debug|Mixed Platforms.Build.0 = Debug|x86
		{ADD715C1-C708-47A4-936B-563458EDD17F}.Debug|x64.ActiveCfg = Debug|x64
		{ADD715C1-C708-47A4-936B-563458EDD17F}.Debug|x64.Build.0 = Debug|x64
		{ADD715C1-C708-47A4-936B-563458EDD17F}.Debug|x86.ActiveCfg = Debug|x86
		{ADD715C1-C708-47A4-936B-563458EDD17F}.Debug|x86.Build.0 = Debug|x86
		{ADD715C1-C708-47A4-936B-563458EDD17F}.Release|Any CPU.ActiveCfg = Release|x86
		{ADD715C1-C708-47A4-936B-563458EDD17F}.Release|Any CPU.Build.0 = Release|x86
		{ADD715C1-C708-47A4-936B-563458EDD17F}.Release|Mixed Platforms.ActiveCfg = Release|x86
		{ADD715C1-C708-47A4-936B-563458EDD17F}.Release|Mixed Platforms.Build.0 = Release|x86
		{ADD715C1-C708-47A4-936B-563458EDD17F}.Release|x64.ActiveCfg = Release|x64
		{ADD715C1-C708-47A4-936B-563458EDD17F}.Release|x64.Build.0 = Release|x64
		{ADD715C1-C708-47A4-936B-563458EDD17F}.Release|x86.ActiveCfg = Release|x86
		{ADD715C1-C708-47A4-936B-563458EDD17F}.Release|x86.Build.0 = Release|x86
		{FF7500F0-7406-4EDF-8A4E-A378FBCB8360}.Debug|Any CPU.ActiveCfg = Debug|x86
		{FF7500F0-7406-4EDF-8A4E-A378FBCB8360}.Debug|Any CPU.Build.0 = Debug|x86
		{FF7500F0-7406-4EDF-8A4E-A378FBCB8360}.Debug|Mixed Platforms.ActiveCfg = Debug|x86
		{FF7500F0-7406-4EDF-8A4E-A378FBCB8360}.Debug|Mixed Platforms.Build.0 = Debug|x86
		{FF7500F0-7406-4EDF-8A4E-A378FBCB8360}.Debug|x64.ActiveCfg = Debug|x64
		{FF7500F0-7406-4EDF-8A4E-A378FBCB8360}.Debug|x64.Build.0 = Debug|x64
		{FF7500F0-7406-4EDF-8A4E-A378FBCB8360}.Debug|x86.ActiveCfg = Debug|x86
		{FF7500F0-7406-4EDF-8A4E-A378FBCB8360}.Debug|x86.Build.0 = Debug|x86
		{FF7500F0-7406-4EDF-8A4E-A378FBCB8360}.Release|Any CPU.ActiveCfg = Release|x86
		{FF7500F0-7406-4EDF-8A4E-A378FBCB8360}.Release|Any CPU.Build.0 = Release|x86
		{FF7500F0-7406-4EDF-8A4E-A378FBCB8360}.Release|Mixed Platforms.ActiveCfg = Release|x86
		{FF7500F0-7406-4EDF-8A4E-A378FBCB8360}.Release|Mixed Platforms.Build.0 = Release|x86
		{FF7500F0-7406-4EDF-8A4E-A378FBCB8360}.Release|x64.ActiveCfg = Release|x64
		{FF7500F0-7406-4EDF-8A4E-A378FBCB8360}.Release|x64.Build.0 = Release|x64
		{FF7500F0-7406-4EDF-8A4E-A378FBCB8360}.Release|x86.ActiveCfg = Release|x86
		{FF7500F0-7406-4EDF-8A4E-A378FBCB8360}.Release|x86.Build.0 = Release|x86
		{92C691F6-2BF2-4398-BCE9-1AB4167DE7B2}.Debug|Any CPU.ActiveCfg = Debug|x86
		{92C691F6-2BF2-4398-BCE9-1AB4167DE7B2}.Debug|Any CPU.Build.0 = Debug|x86
		{92C691F6-2BF2-4398-BCE9-1AB4167DE7B2}.Debug|Mixed Platforms.ActiveCfg = Debug|x86
		{92C691F6-2BF2-4398-BCE9-1AB4167DE7B2}.Debug|Mixed Platforms.Build.0 = Debug|x86
		{92C691F6-2BF2-4398-BCE9-1AB4167DE7B2}.Debug|x64.ActiveCfg = Debug|x64
		{92C691F6-2BF2-4398-BCE9-1AB4167DE7B2}.Debug|x64.Build.0 = Debug|x64
		{92C691F6-2BF2-4398-BCE9-1AB4167DE7B2}.Debug|x86.ActiveCfg = Debug|x86
		{92C691F6-2BF2-4398-BCE9-1AB4167DE7B2}.Debug|x86.Build.0 = Debug|x86
		{92C691F6-2BF2-4398-BCE9-1AB4167DE7B2}.Release|Any CPU.ActiveCfg = Release|x86
		{92C691F6-2BF2-4398-BCE9-1AB4167DE7B2}.Release|Any CPU.Build.0 = Release|x86
		{92C691F6-2BF2-4398-BCE9-1AB4167DE7B2}.Release|Mixed Platforms.ActiveCfg = Release|x86
		{92C691F6-2BF2-4398-BCE9-1AB4167DE7B2}.Release|Mixed Platforms.Build.0 = Release|x86
		{92C691F6-2BF2-4398-BCE9-1AB4167DE7B2}.Release|x64.ActiveCfg = Release|x64
		{92C691F6-2BF2-4398-BCE9-1AB4167DE7B2}.Release|x64.Build.0 = Release|x64
		{92C691F6-2BF2-4398-BCE9-1AB4167DE7B2}.Release|x86.ActiveCfg = Release|x86
		{92C691F6-2BF2-4398-BCE9-1AB4167DE7B2}.Release|x86.Build.0 = Release|x86
		{FFA5C8F8-A1C1-4DA9-9438-8490338A40F1}.Debug|Any CPU.ActiveCfg = Debug|x86
		{FFA5C8F8-A1C1-4DA9-9438-8490338A40F1}.Debug|Any CPU.Build.0 = Debug|x86
		{FFA5C8F8-A1C1-4DA9-9438-8490338A40F1}.Debug|Mixed Platforms.ActiveCfg = Debug|x86
		{FFA5C8F8-A1C1-4DA9-9438-8490338A40F1}.Debug|Mixed Platforms.Build.0 = Debug|x86
		{FFA5C8F8-A1C1-4DA9-9438-8490338A40F1}.Debug|x64.ActiveCfg = Debug|x64
		{FFA5C8F8-A1C1-4DA9-9438-8490338A40F1}.Debug|x64.Build.0 = Debug|x64
		{FFA5C8F8-A1C1-4DA9-9438-8490338A40F1}.Debug|x86.ActiveCfg = Debug|x86
		{FFA5C8F8-A1C1-4DA9-9438-8490338A40F1}.Debug|x86.Build.0 = Debug|x86
		{FFA5C8F8-A1C1-4DA9-9438-8490338A40F1}.Release|Any CPU.ActiveCfg = Release|x86
		{FFA5C8F8-A1C1-4DA9-9438-8490338A40F1}.Release|Any CPU.Build.0 = Release|x86
		{FFA5C8F8-A1C1-4DA9-9438-8490338A40F1}.Release|Mixed Platforms.ActiveCfg = Release|x86
		{FFA5C8F8-A1C1-4DA9-9438-8490338A40F1}.Release|Mixed Platforms.Build.0 = Release|x86
		{FFA5C8F8-A1C1-4DA9-9438-8490338A40F1}.Release|x64.ActiveCfg = Release|x64
		{FFA5C8F8-A1C1-4DA9-9438-8490338A40F1}.Release|x64.Build.0 = Release|x64
		{FFA5C8F8-A1C1-4DA9-9438-8490338A40F1}.Release|x86.ActiveCfg = Release|x86
		{FFA5C8F8-A1C1-4DA9-9438-8490338A40F1}.Release|x86.Build.0 = Release|x86
		{7A7A9E4F-6F04-4697-9F41-E908D9DDDC4F}.Debug|Any CPU.ActiveCfg = Debug|x86
		{7A7A9E4F-6F04-4697-9F41-E908D9DDDC4F}.Debug|Any CPU.Build.0 = Debug|x86
		{7A7A9E4F-6F04-4697-9F41-E908D9DDDC4F}.Debug|Mixed Platforms.ActiveCfg = Debug|x86
		{7A7A9E4F-6F04-4697-9F41-E908D9DDDC4F}.Debug|Mixed Platforms.Build.0 = Debug|x86
		{7A7A9E4F-6F04-4697-9F41-E908D9DDDC4F}.Debug|x64.ActiveCfg = Debug|x64
		{7A7A9E4F-6F04-4697-9F41-E908D9DDDC4F}.Debug|x64.Build.0 = Debug|x64
		{7A7A9E4F-6F04-4697-9F41-E908D9DDDC4F}.Debug|x86.ActiveCfg = Debug|x86
		{7A7A9E4F-6F04-4697-9F41-E908D9DDDC4F}.Debug|x86.Build.0 = Debug|x86
		{7A7A9E4F-6F04-4697-9F41-E908D9DDDC4F}.Release|Any CPU.ActiveCfg = Release|x86
		{7A7A9E4F-6F04-4697-9F41-E908D9DDDC4F}.Release|Any CPU.Build.0 = Release|x86
		{7A7A9E4F-6F04-4697-9F41-E908D9DDDC4F}.Release|Mixed Platforms.ActiveCfg = Release|x86
		{7A7A9E4F-6F04-4697-9F41-E908D9DDDC4F}.Release|Mixed Platforms.Build.0 = Release|x86
		{7A7A9E4F-6F04-4697-9F41-E908D9DDDC4F}.Release|x64.ActiveCfg = Release|x64
		{7A7A9E4F-6F04-4697-9F41-E908D9DDDC4F}.Release|x64.Build.0 = Release|x64
		{7A7A9E4F-6F04-4697-9F41-E908D9DDDC4F}.Release|x86.ActiveCfg = Release|x86
		{7A7A9E4F-6F04-4697-9F41-E908D9DDDC4F}.Release|x86.Build.0 = Release|x86
		{795BBFA1-2F6C-4831-8633-CAD2613CC352}.Debug|Any CPU.ActiveCfg = Debug|Any CPU
		{795BBFA1-2F6C-4831-8633-CAD2613CC352}.Debug|Any CPU.Build.0 = Debug|Any CPU
		{795BBFA1-2F6C-4831-8633-CAD2613CC352}.Debug|Mixed Platforms.ActiveCfg = Debug|Any CPU
		{795BBFA1-2F6C-4831-8633-CAD2613CC352}.Debug|Mixed Platforms.Build.0 = Debug|Any CPU
		{795BBFA1-2F6C-4831-8633-CAD2613CC352}.Debug|x64.ActiveCfg = Debug|x64
		{795BBFA1-2F6C-4831-8633-CAD2613CC352}.Debug|x64.Build.0 = Debug|x64
		{795BBFA1-2F6C-4831-8633-CAD2613CC352}.Debug|x86.ActiveCfg = Debug|Any CPU
		{795BBFA1-2F6C-4831-8633-CAD2613CC352}.Debug|x86.Build.0 = Debug|Any CPU
		{795BBFA1-2F6C-4831-8633-CAD2613CC352}.Release|Any CPU.ActiveCfg = Release|Any CPU
		{795BBFA1-2F6C-4831-8633-CAD2613CC352}.Release|Any CPU.Build.0 = Release|Any CPU
		{795BBFA1-2F6C-4831-8633-CAD2613CC352}.Release|Mixed Platforms.ActiveCfg = Release|Any CPU
		{795BBFA1-2F6C-4831-8633-CAD2613CC352}.Release|Mixed Platforms.Build.0 = Release|Any CPU
		{795BBFA1-2F6C-4831-8633-CAD2613CC352}.Release|x64.ActiveCfg = Release|x64
		{795BBFA1-2F6C-4831-8633-CAD2613CC352}.Release|x64.Build.0 = Release|x64
		{795BBFA1-2F6C-4831-8633-CAD2613CC352}.Release|x86.ActiveCfg = Release|Any CPU
		{9DE754B6-4BBA-4BF3-A6A3-433DABAD1F62}.Debug|Any CPU.ActiveCfg = Debug|Any CPU
		{9DE754B6-4BBA-4BF3-A6A3-433DABAD1F62}.Debug|Any CPU.Build.0 = Debug|Any CPU
		{9DE754B6-4BBA-4BF3-A6A3-433DABAD1F62}.Debug|Mixed Platforms.ActiveCfg = Debug|Any CPU
		{9DE754B6-4BBA-4BF3-A6A3-433DABAD1F62}.Debug|Mixed Platforms.Build.0 = Debug|Any CPU
		{9DE754B6-4BBA-4BF3-A6A3-433DABAD1F62}.Debug|x64.ActiveCfg = Debug|x64
		{9DE754B6-4BBA-4BF3-A6A3-433DABAD1F62}.Debug|x64.Build.0 = Debug|x64
		{9DE754B6-4BBA-4BF3-A6A3-433DABAD1F62}.Debug|x86.ActiveCfg = Debug|Any CPU
		{9DE754B6-4BBA-4BF3-A6A3-433DABAD1F62}.Debug|x86.Build.0 = Debug|Any CPU
		{9DE754B6-4BBA-4BF3-A6A3-433DABAD1F62}.Release|Any CPU.ActiveCfg = Release|Any CPU
		{9DE754B6-4BBA-4BF3-A6A3-433DABAD1F62}.Release|Any CPU.Build.0 = Release|Any CPU
		{9DE754B6-4BBA-4BF3-A6A3-433DABAD1F62}.Release|Mixed Platforms.ActiveCfg = Release|Any CPU
		{9DE754B6-4BBA-4BF3-A6A3-433DABAD1F62}.Release|Mixed Platforms.Build.0 = Release|Any CPU
		{9DE754B6-4BBA-4BF3-A6A3-433DABAD1F62}.Release|x64.ActiveCfg = Release|x64
		{9DE754B6-4BBA-4BF3-A6A3-433DABAD1F62}.Release|x64.Build.0 = Release|x64
		{9DE754B6-4BBA-4BF3-A6A3-433DABAD1F62}.Release|x86.ActiveCfg = Release|Any CPU
	EndGlobalSection
	GlobalSection(SolutionProperties) = preSolution
		HideSolutionNode = FALSE
	EndGlobalSection
	GlobalSection(NestedProjects) = preSolution
		{4D822B07-2385-4F06-B969-5A5E03F93FA3} = {90F49948-3CFD-4891-94D6-078DF09AE86F}
		{021BDF70-9F35-43AB-A65E-2348933B1480} = {90F49948-3CFD-4891-94D6-078DF09AE86F}
		{791CBDB3-9FF2-42C9-A0BD-7C032F69D876} = {90F49948-3CFD-4891-94D6-078DF09AE86F}
		{ADD715C1-C708-47A4-936B-563458EDD17F} = {90F49948-3CFD-4891-94D6-078DF09AE86F}
		{FF7500F0-7406-4EDF-8A4E-A378FBCB8360} = {90F49948-3CFD-4891-94D6-078DF09AE86F}
		{92C691F6-2BF2-4398-BCE9-1AB4167DE7B2} = {90F49948-3CFD-4891-94D6-078DF09AE86F}
		{FFA5C8F8-A1C1-4DA9-9438-8490338A40F1} = {90F49948-3CFD-4891-94D6-078DF09AE86F}
		{7A7A9E4F-6F04-4697-9F41-E908D9DDDC4F} = {90F49948-3CFD-4891-94D6-078DF09AE86F}
		{795BBFA1-2F6C-4831-8633-CAD2613CC352} = {90F49948-3CFD-4891-94D6-078DF09AE86F}
		{9DE754B6-4BBA-4BF3-A6A3-433DABAD1F62} = {90F49948-3CFD-4891-94D6-078DF09AE86F}
	EndGlobalSection
EndGlobal
