
Microsoft Visual Studio Solution File, Format Version 12.00
# Visual Studio 2013
VisualStudioVersion = 12.0.21005.1
MinimumVisualStudioVersion = 10.0.40219.1
Project("{FAE04EC0-301F-11D3-BF4B-00C04F79EFBC}") = "FF.AbansTours", "FF.AbansTours\FF.AbansTours.csproj", "{D60AFDEA-E2F1-4162-B706-39C91637EFF1}"
EndProject
Project("{FAE04EC0-301F-11D3-BF4B-00C04F79EFBC}") = "FF.BusinessObjects", "..\FastForward.Services\FF.BusinessObjects\FF.BusinessObjects.csproj", "{2D8AB82F-4AF2-49E7-8B34-41496020C590}"
EndProject
Project("{FAE04EC0-301F-11D3-BF4B-00C04F79EFBC}") = "FF.Interfaces", "..\FastForward.Services\FF.Interfaces\FF.Interfaces.csproj", "{C4447AA5-C0E1-4DDB-A32E-CA31826A034E}"
EndProject
Global
	GlobalSection(TeamFoundationVersionControl) = preSolution
		SccNumberOfProjects = 4
		SccEnterpriseProvider = {4CA58AB2-18FA-4F8D-95D4-32DDF27D184C}
		SccTeamFoundationServer = http://192.168.1.200:8080/tfs/defaultcollection
		SccLocalPath0 = .
		SccProjectUniqueName1 = ..\\FastForward.Services\\FF.BusinessObjects\\FF.BusinessObjects.csproj
		SccProjectName1 = ../FastForward.Services/FF.BusinessObjects
		SccLocalPath1 = ..\\FastForward.Services\\FF.BusinessObjects
		SccProjectUniqueName2 = ..\\FastForward.Services\\FF.Interfaces\\FF.Interfaces.csproj
		SccProjectName2 = ../FastForward.Services/FF.Interfaces
		SccLocalPath2 = ..\\FastForward.Services\\FF.Interfaces
		SccProjectUniqueName3 = FF.AbansTours\\FF.AbansTours.csproj
		SccProjectName3 = FF.AbansTours
		SccLocalPath3 = FF.AbansTours
	EndGlobalSection
	GlobalSection(SolutionConfigurationPlatforms) = preSolution
		Debug|Any CPU = Debug|Any CPU
		Release|Any CPU = Release|Any CPU
	EndGlobalSection
	GlobalSection(ProjectConfigurationPlatforms) = postSolution
		{D60AFDEA-E2F1-4162-B706-39C91637EFF1}.Debug|Any CPU.ActiveCfg = Debug|Any CPU
		{D60AFDEA-E2F1-4162-B706-39C91637EFF1}.Debug|Any CPU.Build.0 = Debug|Any CPU
		{D60AFDEA-E2F1-4162-B706-39C91637EFF1}.Release|Any CPU.ActiveCfg = Release|Any CPU
		{D60AFDEA-E2F1-4162-B706-39C91637EFF1}.Release|Any CPU.Build.0 = Release|Any CPU
		{2D8AB82F-4AF2-49E7-8B34-41496020C590}.Debug|Any CPU.ActiveCfg = Debug|Any CPU
		{2D8AB82F-4AF2-49E7-8B34-41496020C590}.Debug|Any CPU.Build.0 = Debug|Any CPU
		{2D8AB82F-4AF2-49E7-8B34-41496020C590}.Release|Any CPU.ActiveCfg = Release|Any CPU
		{2D8AB82F-4AF2-49E7-8B34-41496020C590}.Release|Any CPU.Build.0 = Release|Any CPU
		{C4447AA5-C0E1-4DDB-A32E-CA31826A034E}.Debug|Any CPU.ActiveCfg = Debug|Any CPU
		{C4447AA5-C0E1-4DDB-A32E-CA31826A034E}.Debug|Any CPU.Build.0 = Debug|Any CPU
		{C4447AA5-C0E1-4DDB-A32E-CA31826A034E}.Release|Any CPU.ActiveCfg = Release|Any CPU
		{C4447AA5-C0E1-4DDB-A32E-CA31826A034E}.Release|Any CPU.Build.0 = Release|Any CPU
	EndGlobalSection
	GlobalSection(SolutionProperties) = preSolution
		HideSolutionNode = FALSE
	EndGlobalSection
EndGlobal
