
Microsoft Visual Studio Solution File, Format Version 12.00
# Visual Studio 2013
VisualStudioVersion = 12.0.21005.1
MinimumVisualStudioVersion = 10.0.40219.1
Project("{FAE04EC0-301F-11D3-BF4B-00C04F79EFBC}") = "FF.WebERPClient", "FF.WebERPClient\FF.WebERPClient.csproj", "{CC2F7444-FBBE-482A-B009-4D88280B6D9E}"
EndProject
Project("{FAE04EC0-301F-11D3-BF4B-00C04F79EFBC}") = "FF.BusinessObjects", "..\FastForward.Services\FF.BusinessObjects\FF.BusinessObjects.csproj", "{2D8AB82F-4AF2-49E7-8B34-41496020C590}"
EndProject
Project("{FAE04EC0-301F-11D3-BF4B-00C04F79EFBC}") = "FF.Interfaces", "..\FastForward.Services\FF.Interfaces\FF.Interfaces.csproj", "{C4447AA5-C0E1-4DDB-A32E-CA31826A034E}"
EndProject
Global
	GlobalSection(TeamFoundationVersionControl) = preSolution
		SccNumberOfProjects = 4
		SccEnterpriseProvider = {4CA58AB2-18FA-4F8D-95D4-32DDF27D184C}
		SccTeamFoundationServer = http://192.168.1.200:8080/tfs/defaultcollection
		SccLocalPath0 = .
		SccProjectUniqueName1 = FF.WebERPClient\\FF.WebERPClient.csproj
		SccProjectName1 = FF.WebERPClient
		SccLocalPath1 = FF.WebERPClient
		SccProjectUniqueName2 = ..\\FastForward.Services\\FF.BusinessObjects\\FF.BusinessObjects.csproj
		SccProjectName2 = ../FastForward.Services/FF.BusinessObjects
		SccLocalPath2 = ..\\FastForward.Services\\FF.BusinessObjects
		SccProjectUniqueName3 = ..\\FastForward.Services\\FF.Interfaces\\FF.Interfaces.csproj
		SccProjectName3 = ../FastForward.Services/FF.Interfaces
		SccLocalPath3 = ..\\FastForward.Services\\FF.Interfaces
	EndGlobalSection
	GlobalSection(SolutionConfigurationPlatforms) = preSolution
		Debug|Any CPU = Debug|Any CPU
		Release|Any CPU = Release|Any CPU
	EndGlobalSection
	GlobalSection(ProjectConfigurationPlatforms) = postSolution
		{CC2F7444-FBBE-482A-B009-4D88280B6D9E}.Debug|Any CPU.ActiveCfg = Debug|Any CPU
		{CC2F7444-FBBE-482A-B009-4D88280B6D9E}.Debug|Any CPU.Build.0 = Debug|Any CPU
		{CC2F7444-FBBE-482A-B009-4D88280B6D9E}.Release|Any CPU.ActiveCfg = Release|Any CPU
		{CC2F7444-FBBE-482A-B009-4D88280B6D9E}.Release|Any CPU.Build.0 = Release|Any CPU
		{2D8AB82F-4AF2-49E7-8B34-41496020C590}.Debug|Any CPU.ActiveCfg = Debug|Any CPU
		{2D8AB82F-4AF2-49E7-8B34-41496020C590}.Debug|Any CPU.Build.0 = Debug|Any CPU
		{2D8AB82F-4AF2-49E7-8B34-41496020C590}.Release|Any CPU.ActiveCfg = Release|Any CPU
		{2D8AB82F-4AF2-49E7-8B34-41496020C590}.Release|Any CPU.Build.0 = Release|Any CPU
		{C4447AA5-C0E1-4DDB-A32E-CA31826A034E}.Debug|Any CPU.ActiveCfg = Debug|Any CPU
		{C4447AA5-C0E1-4DDB-A32E-CA31826A034E}.Debug|Any CPU.Build.0 = Debug|Any CPU
		{C4447AA5-C0E1-4DDB-A32E-CA31826A034E}.Release|Any CPU.ActiveCfg = Release|Any CPU
		{C4447AA5-C0E1-4DDB-A32E-CA31826A034E}.Release|Any CPU.Build.0 = Release|Any CPU
	EndGlobalSection
	GlobalSection(SolutionProperties) = preSolution
		HideSolutionNode = FALSE
	EndGlobalSection
EndGlobal
