
Microsoft Visual Studio Solution File, Format Version 12.00
# Visual Studio 2013
VisualStudioVersion = 12.0.40629.0
MinimumVisualStudioVersion = 10.0.40219.1
Project("{FAE04EC0-301F-11D3-BF4B-00C04F79EFBC}") = "FastForward.LogisticAPI", "FastForward.LogisticAPI\FastForward.LogisticAPI.csproj", "{90ABB1D7-FAF3-4504-AA44-4D047E171E0C}"
EndProject
Project("{FAE04EC0-301F-11D3-BF4B-00C04F79EFBC}") = "FF.LGSTInterfaces", "..\FastForward.LogisticService\FF.LGSTInterfaces\FF.LGSTInterfaces.csproj", "{DF0E1950-5EEE-4EDC-85CB-B2F2C49E41A3}"
EndProject
Project("{FAE04EC0-301F-11D3-BF4B-00C04F79EFBC}") = "FF.LGSTBusinessObjects", "..\FastForward.LogisticService\FF.LGSTBusinessObjects\FF.LGSTBusinessObjects.csproj", "{7ECE91BF-35DD-4FD7-9626-91BFE628CA9E}"
EndProject
Global
	GlobalSection(TeamFoundationVersionControl) = preSolution
		SccNumberOfProjects = 4
		SccEnterpriseProvider = {4CA58AB2-18FA-4F8D-95D4-32DDF27D184C}
		SccTeamFoundationServer = http://192.168.1.200:8080/tfs/defaultcollection
		SccProjectUniqueName0 = ..\\FastForward.LogisticService\\FF.LGSTInterfaces\\FF.LGSTInterfaces.csproj
		SccProjectName0 = ../FastForward.LogisticService/FF.LGSTInterfaces
		SccLocalPath0 = ..\\FastForward.LogisticService\\FF.LGSTInterfaces
		SccProjectUniqueName1 = ..\\FastForward.LogisticService\\FF.LGSTBusinessObjects\\FF.LGSTBusinessObjects.csproj
		SccProjectName1 = ../FastForward.LogisticService/FF.LGSTBusinessObjects
		SccLocalPath1 = ..\\FastForward.LogisticService\\FF.LGSTBusinessObjects
		SccLocalPath2 = .
		SccProjectUniqueName3 = FastForward.LogisticAPI\\FastForward.LogisticAPI.csproj
		SccProjectName3 = FastForward.LogisticAPI
		SccLocalPath3 = FastForward.LogisticAPI
	EndGlobalSection
	GlobalSection(SolutionConfigurationPlatforms) = preSolution
		Debug|Any CPU = Debug|Any CPU
		Release|Any CPU = Release|Any CPU
	EndGlobalSection
	GlobalSection(ProjectConfigurationPlatforms) = postSolution
		{90ABB1D7-FAF3-4504-AA44-4D047E171E0C}.Debug|Any CPU.ActiveCfg = Debug|Any CPU
		{90ABB1D7-FAF3-4504-AA44-4D047E171E0C}.Debug|Any CPU.Build.0 = Debug|Any CPU
		{90ABB1D7-FAF3-4504-AA44-4D047E171E0C}.Release|Any CPU.ActiveCfg = Release|Any CPU
		{90ABB1D7-FAF3-4504-AA44-4D047E171E0C}.Release|Any CPU.Build.0 = Release|Any CPU
		{DF0E1950-5EEE-4EDC-85CB-B2F2C49E41A3}.Debug|Any CPU.ActiveCfg = Debug|Any CPU
		{DF0E1950-5EEE-4EDC-85CB-B2F2C49E41A3}.Debug|Any CPU.Build.0 = Debug|Any CPU
		{DF0E1950-5EEE-4EDC-85CB-B2F2C49E41A3}.Release|Any CPU.ActiveCfg = Release|Any CPU
		{DF0E1950-5EEE-4EDC-85CB-B2F2C49E41A3}.Release|Any CPU.Build.0 = Release|Any CPU
		{7ECE91BF-35DD-4FD7-9626-91BFE628CA9E}.Debug|Any CPU.ActiveCfg = Debug|Any CPU
		{7ECE91BF-35DD-4FD7-9626-91BFE628CA9E}.Debug|Any CPU.Build.0 = Debug|Any CPU
		{7ECE91BF-35DD-4FD7-9626-91BFE628CA9E}.Release|Any CPU.ActiveCfg = Release|Any CPU
		{7ECE91BF-35DD-4FD7-9626-91BFE628CA9E}.Release|Any CPU.Build.0 = Release|Any CPU
	EndGlobalSection
	GlobalSection(SolutionProperties) = preSolution
		HideSolutionNode = FALSE
	EndGlobalSection
EndGlobal
